# This file is automatically @generated by Poetry 1.6.1 and should not be changed by hand.

[[package]]
name = "ply"
version = "3.11"
description = "Python Lex & Yacc"
optional = false
python-versions = "*"
files = [
    {file = "ply-3.11-py2.py3-none-any.whl", hash = "sha256:096f9b8350b65ebd2fd1346b12452efe5b9607f7482813ffca50c22722a807ce"},
    {file = "ply-3.11.tar.gz", hash = "sha256:00c7c1aaa88358b9c765b6d3000c6eec0ba42abca5351b095321aef446081da3"},
]

[[package]]
name = "pyomo"
version = "6.7.3"
description = "Pyomo: Python Optimization Modeling Objects"
optional = false
python-versions = ">=3.8"
files = [
    {file = "Pyomo-6.7.3-cp310-cp310-macosx_11_0_arm64.whl", hash = "sha256:ab6ad20b7a0ca60d60f187227b0cfd47fccc331e62131dc9af05ba9fecfc5326"},
    {file = "Pyomo-6.7.3-cp310-cp310-manylinux_2_17_aarch64.manylinux2014_aarch64.whl", hash = "sha256:752a8ace32f4c585f00bc52b7285d3cc022cf5007f0a81592205cf71f86cf1b6"},
    {file = "Pyomo-6.7.3-cp310-cp310-manylinux_2_17_x86_64.manylinux2014_x86_64.whl", hash = "sha256:74f1eb8dc89523d88e8894568417f69ffb44c65a57d83797c5917909459da1c7"},
    {file = "Pyomo-6.7.3-cp310-cp310-win_amd64.whl", hash = "sha256:9fa6c4a17735ab25337af4c2b7094ec27a310dd329f6ff84e79ac65de6e61bd7"},
    {file = "Pyomo-6.7.3-cp310-cp310-win_arm64.whl", hash = "sha256:eb475ddec5e10652e89f15987906693fb521bd296029d65fcd969ae27171e45a"},
    {file = "Pyomo-6.7.3-cp311-cp311-macosx_11_0_arm64.whl", hash = "sha256:e1f308ac5838210a530eb89054b4e3e60386773d0e1c06fa914bb23115875638"},
    {file = "Pyomo-6.7.3-cp311-cp311-manylinux_2_17_aarch64.manylinux2014_aarch64.whl", hash = "sha256:997dd24b9f575d67dff3dd4c780591419855b03adb023bd4c417fce858a50aa9"},
    {file = "Pyomo-6.7.3-cp311-cp311-manylinux_2_17_x86_64.manylinux2014_x86_64.whl", hash = "sha256:31a3fdefb0e56842c59b422e0b5278b9bcfd845451f035a753fc683b0a16fe48"},
    {file = "Pyomo-6.7.3-cp311-cp311-win_amd64.whl", hash = "sha256:051fc5c7a1744bf82c13d243158e88e69a63c82832fef4aa73f1e536d4d56a93"},
    {file = "Pyomo-6.7.3-cp311-cp311-win_arm64.whl", hash = "sha256:d872c9f532e013d11a587847129de182efb257effdaf3bec735b631e72537990"},
    {file = "Pyomo-6.7.3-cp312-cp312-macosx_11_0_arm64.whl", hash = "sha256:d2958deb4e084e6b54f511fb64b9e4a1bb35a4e1bd0f4073f047930319b610b3"},
    {file = "Pyomo-6.7.3-cp312-cp312-manylinux_2_17_aarch64.manylinux2014_aarch64.whl", hash = "sha256:953b1ecd46c15e54a0299591b1fbb6331b0df645dfd714c220400d385ba0a106"},
    {file = "Pyomo-6.7.3-cp312-cp312-manylinux_2_17_x86_64.manylinux2014_x86_64.whl", hash = "sha256:17f324fdaec0565efe9e784f0891152393ef705a9e60aaaf6890d7d8f20a5222"},
    {file = "Pyomo-6.7.3-cp312-cp312-win_amd64.whl", hash = "sha256:f333ec0d2341a51d05bbb6bb6c51e3ebd2406ae7379175fb3b6c6ef7ec2771f0"},
    {file = "Pyomo-6.7.3-cp312-cp312-win_arm64.whl", hash = "sha256:201732ad1bab762347d0717d414202dbbab83db8ee3b701f88558722d7890062"},
    {file = "Pyomo-6.7.3-cp38-cp38-macosx_11_0_arm64.whl", hash = "sha256:4c2fad3daef9b474b42f9b883824078870f09190e408bfd2090e886a155c4e1f"},
    {file = "Pyomo-6.7.3-cp38-cp38-manylinux_2_17_aarch64.manylinux2014_aarch64.whl", hash = "sha256:69e5e5ef0c66f2d1ceb7d1c6880e058501e1952d43ecce16f6ac0e6bc788905f"},
    {file = "Pyomo-6.7.3-cp38-cp38-manylinux_2_17_x86_64.manylinux2014_x86_64.whl", hash = "sha256:aa3dd3b7d59df47eb8dfd84e9d6a64c7fc0c89cd68acb98f505069b88f4bfd3f"},
    {file = "Pyomo-6.7.3-cp38-cp38-win_amd64.whl", hash = "sha256:2f20820d603b28ad707931577a1ff14be38ff800fcde03531f9550ffeb507d07"},
    {file = "Pyomo-6.7.3-cp39-cp39-macosx_11_0_arm64.whl", hash = "sha256:5301caa307539240254121830f0ed6e0fd5cff1e5ee8e335b97c2bb8c2f587dc"},
    {file = "Pyomo-6.7.3-cp39-cp39-manylinux_2_17_aarch64.manylinux2014_aarch64.whl", hash = "sha256:19b0286bf7fc8004427214e50fd1a5490844e02f72a9a76d72c2c745b0a73172"},
    {file = "Pyomo-6.7.3-cp39-cp39-manylinux_2_17_x86_64.manylinux2014_x86_64.whl", hash = "sha256:2fda713100336b51e181bbc8c731ca97a129f27fa990a9def05559ade8fe2de7"},
    {file = "Pyomo-6.7.3-cp39-cp39-win_amd64.whl", hash = "sha256:380579299f3b03a9ec4d14fc4f0dd13ab2848f77a88861ae19a95f9e6b496e92"},
    {file = "Pyomo-6.7.3-cp39-cp39-win_arm64.whl", hash = "sha256:b292e95b5b56a8e04c3827f934789869400830a97c12ef756e7a48d5d7016adb"},
    {file = "Pyomo-6.7.3.tar.gz", hash = "sha256:b7f0441c405af4f42f38527ae38826a5c0a4984dd7bea1fe07172789d8594770"},
]

[package.dependencies]
ply = "*"

[package.extras]
docs = ["Sphinx (>4)", "enum-tools", "numpy (<2.0.0)", "scipy", "sphinx-copybutton", "sphinx-jinja2-compat (>=0.1.1)", "sphinx-rtd-theme (>0.5)", "sphinx-toolbox (>=2.16.0)", "sphinxcontrib-jsmath", "sphinxcontrib-napoleon"]
optional = ["casadi", "dill", "ipython", "matplotlib (>=3.6.0,!=3.6.1)", "networkx", "networkx (<3.2)", "numdifftools", "numpy (<2.0.0)", "openpyxl", "pandas", "pint", "plotly", "python-louvain", "pywin32", "pyyaml", "qtconsole", "scipy", "seaborn", "sympy", "xlrd", "z3-solver"]
tests = ["coverage", "parameterized", "pybind11", "pytest", "pytest-parallel"]

[[package]]
name = "pyscipopt"
version = "5.1.1"
description = "Python interface and modeling environment for SCIP"
optional = false
python-versions = ">=3.8"
files = [
    {file = "PySCIPOpt-5.1.1-cp310-cp310-macosx_10_9_x86_64.whl", hash = "sha256:72d2a57ac1428bb3daba4df39d6558bb8f4a013c264203fc149b7a20704aa1fa"},
    {file = "PySCIPOpt-5.1.1-cp310-cp310-macosx_11_0_arm64.whl", hash = "sha256:c992aea04cc4985a22d97c9f7c6dc2acaf558734504401737d5d12d561d6aa40"},
    {file = "PySCIPOpt-5.1.1-cp310-cp310-manylinux_2_17_x86_64.manylinux2014_x86_64.whl", hash = "sha256:980186ac1f4af16d81beea8951d13b026e6799df385e0a4e6f081a64449b5316"},
    {file = "PySCIPOpt-5.1.1-cp310-cp310-win_amd64.whl", hash = "sha256:ea694a5d0975c0dc97cb59b53bd94b5b9e6663e2b6e54e7ca6c89e2dfcae0ac4"},
    {file = "PySCIPOpt-5.1.1-cp311-cp311-macosx_10_9_x86_64.whl", hash = "sha256:451e40f283aa95c31801d6b2a6e012ce54687fc96a1f2e0193ae6c9951fb0d9a"},
    {file = "PySCIPOpt-5.1.1-cp311-cp311-macosx_11_0_arm64.whl", hash = "sha256:92e29f21e37b442549cce797a16bf9b96cdbd9d10040d672a7fb0952781f594c"},
    {file = "PySCIPOpt-5.1.1-cp311-cp311-manylinux_2_17_x86_64.manylinux2014_x86_64.whl", hash = "sha256:22b852aba93f31f4bb6322474dfdde4a3d1b206f3c346a6d249746ed48ba053e"},
    {file = "PySCIPOpt-5.1.1-cp311-cp311-win_amd64.whl", hash = "sha256:21078810ee17a809c0d3df10208c61e39c2d0e2a231478005d1c995b346fb0a7"},
    {file = "PySCIPOpt-5.1.1-cp312-cp312-macosx_10_9_x86_64.whl", hash = "sha256:a3aa6564e72f961695915dfd320f9a511d6293a3c5d4c11ef91f09d9d4e49848"},
    {file = "PySCIPOpt-5.1.1-cp312-cp312-macosx_11_0_arm64.whl", hash = "sha256:7a42f1112fd438da9e6960717725bdd1142a8dcd1151a2891ee230253b516b32"},
    {file = "PySCIPOpt-5.1.1-cp312-cp312-manylinux_2_17_x86_64.manylinux2014_x86_64.whl", hash = "sha256:0335fae1e4f5005b248bedb390d9caef6a03e66c83df84505ab4e49b605de016"},
    {file = "PySCIPOpt-5.1.1-cp312-cp312-win_amd64.whl", hash = "sha256:c2dd9e613cce0f8d9fe941da101c91bdb534386dd15c322d87434be0fb90b94b"},
    {file = "PySCIPOpt-5.1.1-cp38-cp38-macosx_10_9_x86_64.whl", hash = "sha256:6c4b41176bc9f56024201f9a64c4e1c5af7369fbf2445c2b1eaa6d72bcb09c31"},
    {file = "PySCIPOpt-5.1.1-cp38-cp38-macosx_11_0_arm64.whl", hash = "sha256:7548b0d93b9348a6bb023fa9e78f46e21a94cf827d5576d2917cf0b6dd6784d4"},
    {file = "PySCIPOpt-5.1.1-cp38-cp38-manylinux_2_17_x86_64.manylinux2014_x86_64.whl", hash = "sha256:99f9f7f1a207513fb04af9a16b41e28c74a5c47c1316dde67d2c33dd8c452a99"},
    {file = "PySCIPOpt-5.1.1-cp38-cp38-win_amd64.whl", hash = "sha256:ed3dc6786b3753b94731c674f3f4d04f0ff4eddaa485cf068b5c5cf1d85e5b73"},
    {file = "PySCIPOpt-5.1.1-cp39-cp39-macosx_10_9_x86_64.whl", hash = "sha256:11ca681893b7614d3f515e3ab691cc368c8590a4491410910f598114eac0e51a"},
    {file = "PySCIPOpt-5.1.1-cp39-cp39-macosx_11_0_arm64.whl", hash = "sha256:9cf7d731c741c877612f9905e5a2bf4fd727c197d348b0eb076b4966f24c8ea9"},
    {file = "PySCIPOpt-5.1.1-cp39-cp39-manylinux_2_17_x86_64.manylinux2014_x86_64.whl", hash = "sha256:b9ea3a669654bd3a48b108b582bffdb7e5e64b633fd4c5d58037523f634c839d"},
    {file = "PySCIPOpt-5.1.1-cp39-cp39-win_amd64.whl", hash = "sha256:a00c8561026046eff46aab2abeb5c19431d53fd5a36139107418eaceba59f042"},
    {file = "pyscipopt-5.1.1.tar.gz", hash = "sha256:7c7ebf2124b8cf0d35cd3fc65c255a226661dd360dd8bb6c24df2bef110f579c"},
]

[metadata]
lock-version = "2.0"
python-versions = "^3.9"
content-hash = "b25360a211a4e99acdffc1115421cf77e017af737997ffce7421905bf1662355"
